{"1.2.0",
[{<<"brod">>,{pkg,<<"brod">>,<<"3.16.3">>},0},
 {<<"crc32cer">>,
  {git,"https://github.com/zmstone/crc32cer.git",
       {ref,"ec13a46eb2b3aca01723cf6162383f5d4c51c6fe"}},
  0},
 {<<"datum">>,{pkg,<<"datum">>,<<"4.5.1">>},2},
 {<<"erlavro">>,{pkg,<<"erlavro">>,<<"2.9.7">>},0},
 {<<"erlkaf">>,
  {git,"https://github.com/silviucpp/erlkaf.git",
       {ref,"e57680931424c0f7033605289394d2066bfa9f58"}},
  0},
 {<<"esq">>,{pkg,<<"esq">>,<<"2.0.4">>},1},
 {<<"flare">>,
  {git,"https://github.com/lpgauth/flare.git",
       {ref,"7f1c5bff6167d83fc9b202a451b4d9c6232e92a3"}},
  0},
 {<<"foil">>,
  {git,"https://github.com/lpgauth/foil.git",
       {ref,"b55c30ff8b21daf89a85d1565d4b836c7f9e549b"}},
  1},
 {<<"goldrush">>,{pkg,<<"goldrush">>,<<"0.1.9">>},2},
 {<<"granderl">>,{pkg,<<"granderl">>,<<"0.1.5">>},2},
 {<<"jsone">>,{pkg,<<"jsone">>,<<"1.4.6">>},1},
 {<<"kafka_protocol">>,
  {git,"https://github.com/klarna/kafka_protocol.git",
       {ref,"e97e18adca408c02d195219d18731bad60367bfe"}},
  1},
 {<<"lager">>,{pkg,<<"lager">>,<<"3.9.2">>},1},
 {<<"metal">>,
  {git,"https://github.com/lpgauth/metal.git",
       {ref,"43e28220b5affa45aa1e5fb0583fee26547968d3"}},
  1},
 {<<"parse_trans">>,{pkg,<<"parse_trans">>,<<"3.0.0">>},2},
 {<<"pipe">>,{pkg,<<"pipes">>,<<"2.0.1">>},2},
 {<<"shackle">>,
  {git,"https://github.com/lpgauth/shackle.git",
       {ref,"7527d5cae67efd8b93f0d9636076427e038fc6fe"}},
  1},
 {<<"snappyer">>,{pkg,<<"snappyer">>,<<"1.2.8">>},1},
 {<<"statsderl">>,
  {git,"https://github.com/lpgauth/statsderl.git",
       {ref,"d660959a2e1d95b25c24df6517a859bd23c14ac0"}},
  1},
 {<<"supervisor3">>,{pkg,<<"supervisor3">>,<<"1.1.11">>},1},
 {<<"uid">>,{pkg,<<"uid">>,<<"1.3.4">>},2}]}.
[
{pkg_hash,[
 {<<"brod">>, <<"9A18F2EE7E6D933A82D5E44C3360CE3A624E90E0FE61006DCD6AE2802E044788">>},
 {<<"datum">>, <<"66C163A7FFB7A773E884EB238402375D2E6609718C5C88AEF5809E410D494F08">>},
 {<<"erlavro">>, <<"4880ED3D92BB07C89D20DB13BC51300BCAA691A602AE2BD2859C6E760E322B38">>},
 {<<"esq">>, <<"F99165F53FA802E195B47119DFCD4CE5D1343F8220C1E55031004F5DE64B4017">>},
 {<<"goldrush">>, <<"F06E5D5F1277DA5C413E84D5A2924174182FB108DABB39D5EC548B27424CD106">>},
 {<<"granderl">>, <<"F20077A68BD80B8D8783BD15A052813C6483771DEC1A5B837D307CBE92F14122">>},
 {<<"jsone">>, <<"644D6D57BEFB22C8E19B324DEE19D73B1C004565009861A8F64C68B7B9E64DBF">>},
 {<<"lager">>, <<"4CAB289120EB24964E3886BD22323CB5FEFE4510C076992A23AD18CF85413D8C">>},
 {<<"parse_trans">>, <<"9E96B1C9C3A0DF54E7B76F8F685D38BFA1EB21B31E042B1D1A5A70258E4DB1E3">>},
 {<<"pipe">>, <<"A2B56796C63690ED0E78BB77BB389AF250BD70AFA15A6869369DBDC11087D68F">>},
 {<<"snappyer">>, <<"201CE9067A33C71A6A5087C0C3A49A010B17112D461E6DF696C722DCB6D0934A">>},
 {<<"supervisor3">>, <<"D81CDEC31D102FDE407423E1D05B569572850DEEBED86B951D5233C387CBA80B">>},
 {<<"uid">>, <<"42E30E22908E8E2FAA6227E9C261F1954CB540BE3C5A139E112369AE6CC451FC">>}]},
{pkg_hash_ext,[
 {<<"brod">>, <<"DB872814719D2A1C27663BC3B01D1EF3F7588658EF05E30FDF92B97F67F75D9E">>},
 {<<"datum">>, <<"20DCF2084B00143B8D9EEC45EEF4C8D436E77FDC8B23208CA7BB82B3BD6A4DA4">>},
 {<<"erlavro">>, <<"4D2A16892B640BD45E1CFFB65D472328B1BADF252EA061CBBB73DF560DDC5941">>},
 {<<"esq">>, <<"E24606A09EE6BF57FD67A3372254CC0D4BC1AAE0C3C178BA78A9D76F091B846D">>},
 {<<"goldrush">>, <<"99CB4128CFFCB3227581E5D4D803D5413FA643F4EB96523F77D9E6937D994CEB">>},
 {<<"granderl">>, <<"0641473F29BC3211C832A6DD3ADAA04544A5DFFC1C62372556946F236DF2DAD6">>},
 {<<"jsone">>, <<"78EEE8BB38F0BEE2E73673D71BC75FC6FB01F56F0D23E769A26EEE3655487A38">>},
 {<<"lager">>, <<"7F904D9E87A8CB7E66156ED31768D1C8E26EBA1D54F4BC85B1AA4AC1F6340C28">>},
 {<<"parse_trans">>, <<"5495A3309051DF7F510BC1FDABDA92DFF5417186A8F66D4419AAD6BA0AF5F0CB">>},
 {<<"pipe">>, <<"623357A158E4C33EE589D4C735DDBAB9C77A04E85159192E4D42F1DC97C60BD9">>},
 {<<"snappyer">>, <<"35518E79A28548B56D8FD6AEE2F565F12F51C2D3D053F9CFA817C83BE88C4F3D">>},
 {<<"supervisor3">>, <<"E6C2DEDBCABCBA24995A218ACA12DB5E208B80D3252692B22EF0F1A266104B50">>},
 {<<"uid">>, <<"F8388EF93B16A5D5F9977E1FE814AE0ACF5529B1E0EE5D7B18D23CB4C0F87EAA">>}]}
].
