{"1.2.0",
[{<<"erlavro">>,{pkg,<<"erlavro">>,<<"2.9.7">>},0},
 {<<"jsone">>,{pkg,<<"jsone">>,<<"1.4.6">>},1},
 {<<"snappyer">>,{pkg,<<"snappyer">>,<<"1.2.8">>},1}]}.
[
{pkg_hash,[
 {<<"erlavro">>, <<"4880ED3D92BB07C89D20DB13BC51300BCAA691A602AE2BD2859C6E760E322B38">>},
 {<<"jsone">>, <<"644D6D57BEFB22C8E19B324DEE19D73B1C004565009861A8F64C68B7B9E64DBF">>},
 {<<"snappyer">>, <<"201CE9067A33C71A6A5087C0C3A49A010B17112D461E6DF696C722DCB6D0934A">>}]},
{pkg_hash_ext,[
 {<<"erlavro">>, <<"4D2A16892B640BD45E1CFFB65D472328B1BADF252EA061CBBB73DF560DDC5941">>},
 {<<"jsone">>, <<"78EEE8BB38F0BEE2E73673D71BC75FC6FB01F56F0D23E769A26EEE3655487A38">>},
 {<<"snappyer">>, <<"35518E79A28548B56D8FD6AEE2F565F12F51C2D3D053F9CFA817C83BE88C4F3D">>}]}
].
